
Microsoft Visual Studio Solution File, Format Version 12.00
# Visual Studio 14
VisualStudioVersion = 14.0.23107.0
MinimumVisualStudioVersion = 10.0.40219.1
Project("{F2A71F9B-5D33-465A-A702-920D77279786}") = "FsCudafy1", "FsCudafy1.fsproj", "{FC15B254-36E4-45B3-B516-5A8BB1E6B501}"
EndProject
Global
	GlobalSection(SolutionConfigurationPlatforms) = preSolution
		Debug|Any CPU = Debug|Any CPU
		Release|Any CPU = Release|Any CPU
	EndGlobalSection
	GlobalSection(ProjectConfigurationPlatforms) = postSolution
		{FC15B254-36E4-45B3-B516-5A8BB1E6B501}.Debug|Any CPU.ActiveCfg = Debug|Any CPU
		{FC15B254-36E4-45B3-B516-5A8BB1E6B501}.Debug|Any CPU.Build.0 = Debug|Any CPU
		{FC15B254-36E4-45B3-B516-5A8BB1E6B501}.Release|Any CPU.ActiveCfg = Release|Any CPU
		{FC15B254-36E4-45B3-B516-5A8BB1E6B501}.Release|Any CPU.Build.0 = Release|Any CPU
	EndGlobalSection
	GlobalSection(SolutionProperties) = preSolution
		HideSolutionNode = FALSE
	EndGlobalSection
EndGlobal
